// !$*UTF8*$!
{
	archiveVersion = 1;
	classes = {
	};
	objectVersion = 46;
	objects = {

/* Begin PBXBuildFile section */
		7010FB681C1E667300C4A6C1 /* AppDelegate.swift in Sources */ = {isa = PBXBuildFile; fileRef = 7010FB671C1E667300C4A6C1 /* AppDelegate.swift */; };
		7010FB6A1C1E667300C4A6C1 /* ViewController.swift in Sources */ = {isa = PBXBuildFile; fileRef = 7010FB691C1E667300C4A6C1 /* ViewController.swift */; };
		7010FB6D1C1E667300C4A6C1 /* Main.storyboard in Resources */ = {isa = PBXBuildFile; fileRef = 7010FB6B1C1E667300C4A6C1 /* Main.storyboard */; };
		7010FB6F1C1E667300C4A6C1 /* Assets.xcassets in Resources */ = {isa = PBXBuildFile; fileRef = 7010FB6E1C1E667300C4A6C1 /* Assets.xcassets */; };
		7010FB721C1E667300C4A6C1 /* LaunchScreen.storyboard in Resources */ = {isa = PBXBuildFile; fileRef = 7010FB701C1E667300C4A6C1 /* LaunchScreen.storyboard */; };
		7010FB7A1C1E67D200C4A6C1 /* pokemon.csv in Resources */ = {isa = PBXBuildFile; fileRef = 7010FB791C1E67D200C4A6C1 /* pokemon.csv */; };
		7010FB7D1C1E71A200C4A6C1 /* Pokemon.swift in Sources */ = {isa = PBXBuildFile; fileRef = 7010FB7C1C1E71A200C4A6C1 /* Pokemon.swift */; };
		7010FB801C1E78DC00C4A6C1 /* PokeCellCollectionViewCell.swift in Sources */ = {isa = PBXBuildFile; fileRef = 7010FB7F1C1E78DC00C4A6C1 /* PokeCellCollectionViewCell.swift */; };
		7010FB831C1E7D9200C4A6C1 /* CSV.swift in Sources */ = {isa = PBXBuildFile; fileRef = 7010FB821C1E7D9200C4A6C1 /* CSV.swift */; };
		7010FB881C1E808200C4A6C1 /* Pokemon.ttf in Resources */ = {isa = PBXBuildFile; fileRef = 7010FB871C1E808200C4A6C1 /* Pokemon.ttf */; };
		7010FB8C1C1E843D00C4A6C1 /* music.mp3 in Resources */ = {isa = PBXBuildFile; fileRef = 7010FB8B1C1E843D00C4A6C1 /* music.mp3 */; };
/* End PBXBuildFile section */

/* Begin PBXFileReference section */
		7010FB641C1E667300C4A6C1 /* PokeDex.app */ = {isa = PBXFileReference; explicitFileType = wrapper.application; includeInIndex = 0; path = PokeDex.app; sourceTree = BUILT_PRODUCTS_DIR; };
		7010FB671C1E667300C4A6C1 /* AppDelegate.swift */ = {isa = PBXFileReference; lastKnownFileType = sourcecode.swift; path = AppDelegate.swift; sourceTree = "<group>"; };
		7010FB691C1E667300C4A6C1 /* ViewController.swift */ = {isa = PBXFileReference; lastKnownFileType = sourcecode.swift; path = ViewController.swift; sourceTree = "<group>"; };
		7010FB6C1C1E667300C4A6C1 /* Base */ = {isa = PBXFileReference; lastKnownFileType = file.storyboard; name = Base; path = Base.lproj/Main.storyboard; sourceTree = "<group>"; };
		7010FB6E1C1E667300C4A6C1 /* Assets.xcassets */ = {isa = PBXFileReference; lastKnownFileType = folder.assetcatalog; path = Assets.xcassets; sourceTree = "<group>"; };
		7010FB711C1E667300C4A6C1 /* Base */ = {isa = PBXFileReference; lastKnownFileType = file.storyboard; name = Base; path = Base.lproj/LaunchScreen.storyboard; sourceTree = "<group>"; };
		7010FB731C1E667300C4A6C1 /* Info.plist */ = {isa = PBXFileReference; lastKnownFileType = text.plist.xml; path = Info.plist; sourceTree = "<group>"; };
		7010FB791C1E67D200C4A6C1 /* pokemon.csv */ = {isa = PBXFileReference; fileEncoding = 4; lastKnownFileType = text; path = pokemon.csv; sourceTree = "<group>"; };
		7010FB7C1C1E71A200C4A6C1 /* Pokemon.swift */ = {isa = PBXFileReference; fileEncoding = 4; lastKnownFileType = sourcecode.swift; path = Pokemon.swift; sourceTree = "<group>"; };
		7010FB7F1C1E78DC00C4A6C1 /* PokeCellCollectionViewCell.swift */ = {isa = PBXFileReference; fileEncoding = 4; lastKnownFileType = sourcecode.swift; path = PokeCellCollectionViewCell.swift; sourceTree = "<group>"; };
		7010FB821C1E7D9200C4A6C1 /* CSV.swift */ = {isa = PBXFileReference; fileEncoding = 4; lastKnownFileType = sourcecode.swift; path = CSV.swift; sourceTree = "<group>"; };
		7010FB871C1E808200C4A6C1 /* Pokemon.ttf */ = {isa = PBXFileReference; lastKnownFileType = file; path = Pokemon.ttf; sourceTree = "<group>"; };
		7010FB8B1C1E843D00C4A6C1 /* music.mp3 */ = {isa = PBXFileReference; lastKnownFileType = audio.mp3; path = music.mp3; sourceTree = "<group>"; };
/* End PBXFileReference section */

/* Begin PBXFrameworksBuildPhase section */
		7010FB611C1E667300C4A6C1 /* Frameworks */ = {
			isa = PBXFrameworksBuildPhase;
			buildActionMask = 2147483647;
			files = (
			);
			runOnlyForDeploymentPostprocessing = 0;
		};
/* End PBXFrameworksBuildPhase section */

/* Begin PBXGroup section */
		7010FB5B1C1E667300C4A6C1 = {
			isa = PBXGroup;
			children = (
				7010FB661C1E667300C4A6C1 /* PokeDex */,
				7010FB651C1E667300C4A6C1 /* Products */,
			);
			sourceTree = "<group>";
		};
		7010FB651C1E667300C4A6C1 /* Products */ = {
			isa = PBXGroup;
			children = (
				7010FB641C1E667300C4A6C1 /* PokeDex.app */,
			);
			name = Products;
			sourceTree = "<group>";
		};
		7010FB661C1E667300C4A6C1 /* PokeDex */ = {
			isa = PBXGroup;
			children = (
				7010FB851C1E7DB500C4A6C1 /* Resource */,
				7010FB841C1E7DA400C4A6C1 /* Controller */,
				7010FB811C1E7D7E00C4A6C1 /* Util */,
				7010FB7E1C1E78C000C4A6C1 /* View */,
				7010FB7B1C1E719400C4A6C1 /* Model */,
				7010FB671C1E667300C4A6C1 /* AppDelegate.swift */,
				7010FB6B1C1E667300C4A6C1 /* Main.storyboard */,
				7010FB6E1C1E667300C4A6C1 /* Assets.xcassets */,
				7010FB701C1E667300C4A6C1 /* LaunchScreen.storyboard */,
				7010FB731C1E667300C4A6C1 /* Info.plist */,
			);
			path = PokeDex;
			sourceTree = "<group>";
		};
		7010FB7B1C1E719400C4A6C1 /* Model */ = {
			isa = PBXGroup;
			children = (
				7010FB7C1C1E71A200C4A6C1 /* Pokemon.swift */,
			);
			name = Model;
			sourceTree = "<group>";
		};
		7010FB7E1C1E78C000C4A6C1 /* View */ = {
			isa = PBXGroup;
			children = (
				7010FB7F1C1E78DC00C4A6C1 /* PokeCellCollectionViewCell.swift */,
			);
			name = View;
			sourceTree = "<group>";
		};
		7010FB811C1E7D7E00C4A6C1 /* Util */ = {
			isa = PBXGroup;
			children = (
				7010FB821C1E7D9200C4A6C1 /* CSV.swift */,
			);
			name = Util;
			sourceTree = "<group>";
		};
		7010FB841C1E7DA400C4A6C1 /* Controller */ = {
			isa = PBXGroup;
			children = (
				7010FB691C1E667300C4A6C1 /* ViewController.swift */,
			);
			name = Controller;
			sourceTree = "<group>";
		};
		7010FB851C1E7DB500C4A6C1 /* Resource */ = {
			isa = PBXGroup;
			children = (
				7010FB8B1C1E843D00C4A6C1 /* music.mp3 */,
				7010FB871C1E808200C4A6C1 /* Pokemon.ttf */,
				7010FB791C1E67D200C4A6C1 /* pokemon.csv */,
			);
			name = Resource;
			sourceTree = "<group>";
		};
/* End PBXGroup section */

/* Begin PBXNativeTarget section */
		7010FB631C1E667300C4A6C1 /* PokeDex */ = {
			isa = PBXNativeTarget;
			buildConfigurationList = 7010FB761C1E667300C4A6C1 /* Build configuration list for PBXNativeTarget "PokeDex" */;
			buildPhases = (
				7010FB601C1E667300C4A6C1 /* Sources */,
				7010FB611C1E667300C4A6C1 /* Frameworks */,
				7010FB621C1E667300C4A6C1 /* Resources */,
			);
			buildRules = (
			);
			dependencies = (
			);
			name = PokeDex;
			productName = PokeDex;
			productReference = 7010FB641C1E667300C4A6C1 /* PokeDex.app */;
			productType = "com.apple.product-type.application";
		};
/* End PBXNativeTarget section */

/* Begin PBXProject section */
		7010FB5C1C1E667300C4A6C1 /* Project object */ = {
			isa = PBXProject;
			attributes = {
				LastSwiftUpdateCheck = 0720;
				LastUpgradeCheck = 0720;
				ORGANIZATIONNAME = null9090y;
				TargetAttributes = {
					7010FB631C1E667300C4A6C1 = {
						CreatedOnToolsVersion = 7.2;
						DevelopmentTeam = Z89A9QLA97;
					};
				};
			};
			buildConfigurationList = 7010FB5F1C1E667300C4A6C1 /* Build configuration list for PBXProject "PokeDex" */;
			compatibilityVersion = "Xcode 3.2";
			developmentRegion = English;
			hasScannedForEncodings = 0;
			knownRegions = (
				en,
				Base,
			);
			mainGroup = 7010FB5B1C1E667300C4A6C1;
			productRefGroup = 7010FB651C1E667300C4A6C1 /* Products */;
			projectDirPath = "";
			projectRoot = "";
			targets = (
				7010FB631C1E667300C4A6C1 /* PokeDex */,
			);
		};
/* End PBXProject section */

/* Begin PBXResourcesBuildPhase section */
		7010FB621C1E667300C4A6C1 /* Resources */ = {
			isa = PBXResourcesBuildPhase;
			buildActionMask = 2147483647;
			files = (
				7010FB721C1E667300C4A6C1 /* LaunchScreen.storyboard in Resources */,
				7010FB881C1E808200C4A6C1 /* Pokemon.ttf in Resources */,
				7010FB8C1C1E843D00C4A6C1 /* music.mp3 in Resources */,
				7010FB6F1C1E667300C4A6C1 /* Assets.xcassets in Resources */,
				7010FB7A1C1E67D200C4A6C1 /* pokemon.csv in Resources */,
				7010FB6D1C1E667300C4A6C1 /* Main.storyboard in Resources */,
			);
			runOnlyForDeploymentPostprocessing = 0;
		};
/* End PBXResourcesBuildPhase section */

/* Begin PBXSourcesBuildPhase section */
		7010FB601C1E667300C4A6C1 /* Sources */ = {
			isa = PBXSourcesBuildPhase;
			buildActionMask = 2147483647;
			files = (
				7010FB6A1C1E667300C4A6C1 /* ViewController.swift in Sources */,
				7010FB831C1E7D9200C4A6C1 /* CSV.swift in Sources */,
				7010FB681C1E667300C4A6C1 /* AppDelegate.swift in Sources */,
				7010FB801C1E78DC00C4A6C1 /* PokeCellCollectionViewCell.swift in Sources */,
				7010FB7D1C1E71A200C4A6C1 /* Pokemon.swift in Sources */,
			);
			runOnlyForDeploymentPostprocessing = 0;
		};
/* End PBXSourcesBuildPhase section */

/* Begin PBXVariantGroup section */
		7010FB6B1C1E667300C4A6C1 /* Main.storyboard */ = {
			isa = PBXVariantGroup;
			children = (
				7010FB6C1C1E667300C4A6C1 /* Base */,
			);
			name = Main.storyboard;
			sourceTree = "<group>";
		};
		7010FB701C1E667300C4A6C1 /* LaunchScreen.storyboard */ = {
			isa = PBXVariantGroup;
			children = (
				7010FB711C1E667300C4A6C1 /* Base */,
			);
			name = LaunchScreen.storyboard;
			sourceTree = "<group>";
		};
/* End PBXVariantGroup section */

/* Begin XCBuildConfiguration section */
		7010FB741C1E667300C4A6C1 /* Debug */ = {
			isa = XCBuildConfiguration;
			buildSettings = {
				ALWAYS_SEARCH_USER_PATHS = NO;
				CLANG_CXX_LANGUAGE_STANDARD = "gnu++0x";
				CLANG_CXX_LIBRARY = "libc++";
				CLANG_ENABLE_MODULES = YES;
				CLANG_ENABLE_OBJC_ARC = YES;
				CLANG_WARN_BOOL_CONVERSION = YES;
				CLANG_WARN_CONSTANT_CONVERSION = YES;
				CLANG_WARN_DIRECT_OBJC_ISA_USAGE = YES_ERROR;
				CLANG_WARN_EMPTY_BODY = YES;
				CLANG_WARN_ENUM_CONVERSION = YES;
				CLANG_WARN_INT_CONVERSION = YES;
				CLANG_WARN_OBJC_ROOT_CLASS = YES_ERROR;
				CLANG_WARN_UNREACHABLE_CODE = YES;
				CLANG_WARN__DUPLICATE_METHOD_MATCH = YES;
				"CODE_SIGN_IDENTITY[sdk=iphoneos*]" = "iPhone Developer";
				COPY_PHASE_STRIP = NO;
				DEBUG_INFORMATION_FORMAT = dwarf;
				ENABLE_STRICT_OBJC_MSGSEND = YES;
				ENABLE_TESTABILITY = YES;
				GCC_C_LANGUAGE_STANDARD = gnu99;
				GCC_DYNAMIC_NO_PIC = NO;
				GCC_NO_COMMON_BLOCKS = YES;
				GCC_OPTIMIZATION_LEVEL = 0;
				GCC_PREPROCESSOR_DEFINITIONS = (
					"DEBUG=1",
					"$(inherited)",
				);
				GCC_WARN_64_TO_32_BIT_CONVERSION = YES;
				GCC_WARN_ABOUT_RETURN_TYPE = YES_ERROR;
				GCC_WARN_UNDECLARED_SELECTOR = YES;
				GCC_WARN_UNINITIALIZED_AUTOS = YES_AGGRESSIVE;
				GCC_WARN_UNUSED_FUNCTION = YES;
				GCC_WARN_UNUSED_VARIABLE = YES;
				IPHONEOS_DEPLOYMENT_TARGET = 9.2;
				MTL_ENABLE_DEBUG_INFO = YES;
				ONLY_ACTIVE_ARCH = YES;
				SDKROOT = iphoneos;
				SWIFT_OPTIMIZATION_LEVEL = "-Onone";
			};
			name = Debug;
		};
		7010FB751C1E667300C4A6C1 /* Release */ = {
			isa = XCBuildConfiguration;
			buildSettings = {
				ALWAYS_SEARCH_USER_PATHS = NO;
				CLANG_CXX_LANGUAGE_STANDARD = "gnu++0x";
				CLANG_CXX_LIBRARY = "libc++";
				CLANG_ENABLE_MODULES = YES;
				CLANG_ENABLE_OBJC_ARC = YES;
				CLANG_WARN_BOOL_CONVERSION = YES;
				CLANG_WARN_CONSTANT_CONVERSION = YES;
				CLANG_WARN_DIRECT_OBJC_ISA_USAGE = YES_ERROR;
				CLANG_WARN_EMPTY_BODY = YES;
				CLANG_WARN_ENUM_CONVERSION = YES;
				CLANG_WARN_INT_CONVERSION = YES;
				CLANG_WARN_OBJC_ROOT_CLASS = YES_ERROR;
				CLANG_WARN_UNREACHABLE_CODE = YES;
				CLANG_WARN__DUPLICATE_METHOD_MATCH = YES;
				"CODE_SIGN_IDENTITY[sdk=iphoneos*]" = "iPhone Developer";
				COPY_PHASE_STRIP = NO;
				DEBUG_INFORMATION_FORMAT = "dwarf-with-dsym";
				ENABLE_NS_ASSERTIONS = NO;
				ENABLE_STRICT_OBJC_MSGSEND = YES;
				GCC_C_LANGUAGE_STANDARD = gnu99;
				GCC_NO_COMMON_BLOCKS = YES;
				GCC_WARN_64_TO_32_BIT_CONVERSION = YES;
				GCC_WARN_ABOUT_RETURN_TYPE = YES_ERROR;
				GCC_WARN_UNDECLARED_SELECTOR = YES;
				GCC_WARN_UNINITIALIZED_AUTOS = YES_AGGRESSIVE;
				GCC_WARN_UNUSED_FUNCTION = YES;
				GCC_WARN_UNUSED_VARIABLE = YES;
				IPHONEOS_DEPLOYMENT_TARGET = 9.2;
				MTL_ENABLE_DEBUG_INFO = NO;
				SDKROOT = iphoneos;
				VALIDATE_PRODUCT = YES;
			};
			name = Release;
		};
		7010FB771C1E667300C4A6C1 /* Debug */ = {
			isa = XCBuildConfiguration;
			buildSettings = {
				ASSETCATALOG_COMPILER_APPICON_NAME = AppIcon;
				INFOPLIST_FILE = PokeDex/Info.plist;
				LD_RUNPATH_SEARCH_PATHS = "$(inherited) @executable_path/Frameworks";
				PRODUCT_BUNDLE_IDENTIFIER = com.null9090y.PokeDex;
				PRODUCT_NAME = "$(TARGET_NAME)";
			};
			name = Debug;
		};
		7010FB781C1E667300C4A6C1 /* Release */ = {
			isa = XCBuildConfiguration;
			buildSettings = {
				ASSETCATALOG_COMPILER_APPICON_NAME = AppIcon;
				INFOPLIST_FILE = PokeDex/Info.plist;
				LD_RUNPATH_SEARCH_PATHS = "$(inherited) @executable_path/Frameworks";
				PRODUCT_BUNDLE_IDENTIFIER = com.null9090y.PokeDex;
				PRODUCT_NAME = "$(TARGET_NAME)";
			};
			name = Release;
		};
/* End XCBuildConfiguration section */

/* Begin XCConfigurationList section */
		7010FB5F1C1E667300C4A6C1 /* Build configuration list for PBXProject "PokeDex" */ = {
			isa = XCConfigurationList;
			buildConfigurations = (
				7010FB741C1E667300C4A6C1 /* Debug */,
				7010FB751C1E667300C4A6C1 /* Release */,
			);
			defaultConfigurationIsVisible = 0;
			defaultConfigurationName = Release;
		};
		7010FB761C1E667300C4A6C1 /* Build configuration list for PBXNativeTarget "PokeDex" */ = {
			isa = XCConfigurationList;
			buildConfigurations = (
				7010FB771C1E667300C4A6C1 /* Debug */,
				7010FB781C1E667300C4A6C1 /* Release */,
			);
			defaultConfigurationIsVisible = 0;
		};
/* End XCConfigurationList section */
	};
	rootObject = 7010FB5C1C1E667300C4A6C1 /* Project object */;
}
